
Microsoft Visual Studio Solution File, Format Version 12.00
# Visual Studio 15
VisualStudioVersion = 15.0.28307.902
MinimumVisualStudioVersion = 10.0.40219.1
Project("{8BC9CEB8-8B4A-11D0-8D11-00A0C91BC942}") = "MyHashing", "MyHashing\MyHashing.vcxproj", "{D8E349E0-BC9C-457C-B95F-6D26F5AB2D22}"
EndProject
Global
	GlobalSection(SolutionConfigurationPlatforms) = preSolution
		Debug|x64 = Debug|x64
		Debug|x86 = Debug|x86
		Release|x64 = Release|x64
		Release|x86 = Release|x86
	EndGlobalSection
	GlobalSection(ProjectConfigurationPlatforms) = postSolution
		{D8E349E0-BC9C-457C-B95F-6D26F5AB2D22}.Debug|x64.ActiveCfg = Debug|x64
		{D8E349E0-BC9C-457C-B95F-6D26F5AB2D22}.Debug|x64.Build.0 = Debug|x64
		{D8E349E0-BC9C-457C-B95F-6D26F5AB2D22}.Debug|x86.ActiveCfg = Debug|Win32
		{D8E349E0-BC9C-457C-B95F-6D26F5AB2D22}.Debug|x86.Build.0 = Debug|Win32
		{D8E349E0-BC9C-457C-B95F-6D26F5AB2D22}.Release|x64.ActiveCfg = Release|x64
		{D8E349E0-BC9C-457C-B95F-6D26F5AB2D22}.Release|x64.Build.0 = Release|x64
		{D8E349E0-BC9C-457C-B95F-6D26F5AB2D22}.Release|x86.ActiveCfg = Release|Win32
		{D8E349E0-BC9C-457C-B95F-6D26F5AB2D22}.Release|x86.Build.0 = Release|Win32
	EndGlobalSection
	GlobalSection(SolutionProperties) = preSolution
		HideSolutionNode = FALSE
	EndGlobalSection
	GlobalSection(ExtensibilityGlobals) = postSolution
		SolutionGuid = {9451EE04-9249-4F83-9A5F-E0D44F10CAFB}
	EndGlobalSection
EndGlobal
